
Microsoft Visual Studio Solution File, Format Version 12.00
# Visual Studio Version 16
VisualStudioVersion = 16.0.31613.86
MinimumVisualStudioVersion = 10.0.40219.1
Project("{FAE04EC0-301F-11D3-BF4B-00C04F79EFBC}") = "Lab10", "Lab10.csproj", "{A6A18FAE-839E-4044-BBCA-139C60D5DCAD}"
EndProject
Global
	GlobalSection(SolutionConfigurationPlatforms) = preSolution
		Debug|Any CPU = Debug|Any CPU
		Release|Any CPU = Release|Any CPU
	EndGlobalSection
	GlobalSection(ProjectConfigurationPlatforms) = postSolution
		{A6A18FAE-839E-4044-BBCA-139C60D5DCAD}.Debug|Any CPU.ActiveCfg = Debug|Any CPU
		{A6A18FAE-839E-4044-BBCA-139C60D5DCAD}.Debug|Any CPU.Build.0 = Debug|Any CPU
		{A6A18FAE-839E-4044-BBCA-139C60D5DCAD}.Release|Any CPU.ActiveCfg = Release|Any CPU
		{A6A18FAE-839E-4044-BBCA-139C60D5DCAD}.Release|Any CPU.Build.0 = Release|Any CPU
	EndGlobalSection
	GlobalSection(SolutionProperties) = preSolution
		HideSolutionNode = FALSE
	EndGlobalSection
	GlobalSection(ExtensibilityGlobals) = postSolution
		SolutionGuid = {A0532B3B-DADC-43D3-8E5E-F8836B4B2D8D}
	EndGlobalSection
EndGlobal
