
Microsoft Visual Studio Solution File, Format Version 12.00
# Visual Studio Version 16
VisualStudioVersion = 16.0.31613.86
MinimumVisualStudioVersion = 10.0.40219.1
Project("{FAE04EC0-301F-11D3-BF4B-00C04F79EFBC}") = "Lab03", "Lab03.csproj", "{8815FC59-BD64-4EB4-80FB-0FF8E0CD2435}"
EndProject
Global
	GlobalSection(SolutionConfigurationPlatforms) = preSolution
		Debug|Any CPU = Debug|Any CPU
		Release|Any CPU = Release|Any CPU
	EndGlobalSection
	GlobalSection(ProjectConfigurationPlatforms) = postSolution
		{8815FC59-BD64-4EB4-80FB-0FF8E0CD2435}.Debug|Any CPU.ActiveCfg = Debug|Any CPU
		{8815FC59-BD64-4EB4-80FB-0FF8E0CD2435}.Debug|Any CPU.Build.0 = Debug|Any CPU
		{8815FC59-BD64-4EB4-80FB-0FF8E0CD2435}.Release|Any CPU.ActiveCfg = Release|Any CPU
		{8815FC59-BD64-4EB4-80FB-0FF8E0CD2435}.Release|Any CPU.Build.0 = Release|Any CPU
	EndGlobalSection
	GlobalSection(SolutionProperties) = preSolution
		HideSolutionNode = FALSE
	EndGlobalSection
	GlobalSection(ExtensibilityGlobals) = postSolution
		SolutionGuid = {E3C450B5-6A6D-4A79-AB9F-635F20AC5E44}
	EndGlobalSection
EndGlobal
