
Microsoft Visual Studio Solution File, Format Version 12.00
# Visual Studio Version 16
VisualStudioVersion = 16.0.31613.86
MinimumVisualStudioVersion = 10.0.40219.1
Project("{FAE04EC0-301F-11D3-BF4B-00C04F79EFBC}") = "Lab05", "Lab05.csproj", "{75BD8FFC-EE3C-4C78-9A3A-FA737D937134}"
EndProject
Global
	GlobalSection(SolutionConfigurationPlatforms) = preSolution
		Debug|Any CPU = Debug|Any CPU
		Release|Any CPU = Release|Any CPU
	EndGlobalSection
	GlobalSection(ProjectConfigurationPlatforms) = postSolution
		{75BD8FFC-EE3C-4C78-9A3A-FA737D937134}.Debug|Any CPU.ActiveCfg = Debug|Any CPU
		{75BD8FFC-EE3C-4C78-9A3A-FA737D937134}.Debug|Any CPU.Build.0 = Debug|Any CPU
		{75BD8FFC-EE3C-4C78-9A3A-FA737D937134}.Release|Any CPU.ActiveCfg = Release|Any CPU
		{75BD8FFC-EE3C-4C78-9A3A-FA737D937134}.Release|Any CPU.Build.0 = Release|Any CPU
	EndGlobalSection
	GlobalSection(SolutionProperties) = preSolution
		HideSolutionNode = FALSE
	EndGlobalSection
	GlobalSection(ExtensibilityGlobals) = postSolution
		SolutionGuid = {B2F35142-B6F1-43EA-AC26-31F8278E9C3F}
	EndGlobalSection
EndGlobal
